
Microsoft Visual Studio Solution File, Format Version 12.00
# Visual Studio Version 17
VisualStudioVersion = 17.5.002.0
MinimumVisualStudioVersion = 10.0.40219.1
Project("{9A19103F-16F7-4668-BE54-9A1E7A4F7556}") = "one2Do", "one2Do.csproj", "{9693D789-B11A-42B5-9BB1-2A5FD24F4AF7}"
EndProject
Global
	GlobalSection(SolutionConfigurationPlatforms) = preSolution
		Debug|Any CPU = Debug|Any CPU
		Release|Any CPU = Release|Any CPU
	EndGlobalSection
	GlobalSection(ProjectConfigurationPlatforms) = postSolution
		{9693D789-B11A-42B5-9BB1-2A5FD24F4AF7}.Debug|Any CPU.ActiveCfg = Debug|Any CPU
		{9693D789-B11A-42B5-9BB1-2A5FD24F4AF7}.Debug|Any CPU.Build.0 = Debug|Any CPU
		{9693D789-B11A-42B5-9BB1-2A5FD24F4AF7}.Release|Any CPU.ActiveCfg = Release|Any CPU
		{9693D789-B11A-42B5-9BB1-2A5FD24F4AF7}.Release|Any CPU.Build.0 = Release|Any CPU
	EndGlobalSection
	GlobalSection(SolutionProperties) = preSolution
		HideSolutionNode = FALSE
	EndGlobalSection
	GlobalSection(ExtensibilityGlobals) = postSolution
		SolutionGuid = {29B5FE92-E83C-415D-A451-216A0E1E776A}
	EndGlobalSection
EndGlobal
